
Microsoft Visual Studio Solution File, Format Version 12.00
# Visual Studio 15
VisualStudioVersion = 15.0.27130.2003
MinimumVisualStudioVersion = 10.0.40219.1
Project("{888888A0-9F3D-457C-B088-3A5042F75D52}") = "VV_games", "VV_games.pyproj", "{1F33C25F-A3C4-4EBE-8DC4-E16225D96BCD}"
EndProject
Global
	GlobalSection(SolutionConfigurationPlatforms) = preSolution
		Debug|Any CPU = Debug|Any CPU
		Release|Any CPU = Release|Any CPU
	EndGlobalSection
	GlobalSection(ProjectConfigurationPlatforms) = postSolution
		{1F33C25F-A3C4-4EBE-8DC4-E16225D96BCD}.Debug|Any CPU.ActiveCfg = Debug|Any CPU
		{1F33C25F-A3C4-4EBE-8DC4-E16225D96BCD}.Release|Any CPU.ActiveCfg = Release|Any CPU
	EndGlobalSection
	GlobalSection(SolutionProperties) = preSolution
		HideSolutionNode = FALSE
	EndGlobalSection
	GlobalSection(ExtensibilityGlobals) = postSolution
		SolutionGuid = {2A8BBC43-BAC1-43DC-B346-E1A60959C343}
	EndGlobalSection
EndGlobal
